{
  "nodes": {
    "devshell": {
      "inputs": {
        "flake-utils": [
          "flake-utils"
        ],
        "nixpkgs": [
          "nixpkgs"
        ]
      },
      "locked": {
        "lastModified": 1652959711,
        "narHash": "sha256-wpQhlE/NocxlU3jLiMoF1KYHOEFD5MEFJZkyXXVVef8=",
        "owner": "numtide",
        "repo": "devshell",
        "rev": "a5327cd01e58d2848c73062f2661278ad615748f",
        "type": "github"
      },
      "original": {
        "owner": "numtide",
        "repo": "devshell",
        "type": "github"
      }
    },
    "flake-utils": {
      "locked": {
        "lastModified": 1652776076,
        "narHash": "sha256-gzTw/v1vj4dOVbpBSJX4J0DwUR6LIyXo7/SuuTJp1kM=",
        "owner": "numtide",
        "repo": "flake-utils",
        "rev": "04c1b180862888302ddfb2e3ad9eaa63afc60cf8",
        "type": "github"
      },
      "original": {
        "owner": "numtide",
        "repo": "flake-utils",
        "type": "github"
      }
    },
    "nixpkgs": {
      "locked": {
        "lastModified": 1652962626,
        "narHash": "sha256-cP4Cg9ylOVEaJdfhULRLVOtEmDZ9j6cbr6eWs6wQ8A0=",
        "owner": "nixos",
        "repo": "nixpkgs",
        "rev": "6878885f3faa24e20eaf5823da7b966ec41dbc80",
        "type": "github"
      },
      "original": {
        "owner": "nixos",
        "ref": "nixpkgs-unstable",
        "repo": "nixpkgs",
        "type": "github"
      }
    },
    "root": {
      "inputs": {
        "devshell": "devshell",
        "flake-utils": "flake-utils",
        "nixpkgs": "nixpkgs"
      }
    }
  },
  "root": "root",
  "version": 7
}
